
Microsoft Visual Studio Solution File, Format Version 12.00
# Visual Studio Version 17
VisualStudioVersion = 17.0.31903.59
MinimumVisualStudioVersion = 10.0.40219.1
Project("{9A19103F-16F7-4668-BE54-9A1E7A4F7556}") = "ScreenSound", "ScreenSound\ScreenSound.csproj", "{A9CCE41C-6657-42BF-AED4-F3F578033037}"
EndProject
Project("{FAE04EC0-301F-11D3-BF4B-00C04F79EFBC}") = "ScreenSound.API", "ScreenSound.API\ScreenSound.API.csproj", "{04602BAE-5B1F-4EA2-92AB-726C4D7B8949}"
EndProject
Project("{FAE04EC0-301F-11D3-BF4B-00C04F79EFBC}") = "ScreenSound.Shared.Models", "ScreenSound.Shared.Models\ScreenSound.Shared.Models.csproj", "{5E6C06B7-180C-41B7-8136-3099FF6F9A31}"
EndProject
Project("{FAE04EC0-301F-11D3-BF4B-00C04F79EFBC}") = "ScreenSound.Shared.Data", "ScreenSound.Shared.Data\ScreenSound.Shared.Data.csproj", "{B1B70414-A104-4640-846D-195150B22B9A}"
EndProject
Project("{FAE04EC0-301F-11D3-BF4B-00C04F79EFBC}") = "ScreenSound.Web", "ScreenSound.Web\ScreenSound.Web.csproj", "{01C7EFEE-93C1-4448-9CEF-2162BAF8CC08}"
EndProject
Global
	GlobalSection(SolutionConfigurationPlatforms) = preSolution
		Debug|Any CPU = Debug|Any CPU
		Release|Any CPU = Release|Any CPU
	EndGlobalSection
	GlobalSection(ProjectConfigurationPlatforms) = postSolution
		{A9CCE41C-6657-42BF-AED4-F3F578033037}.Debug|Any CPU.ActiveCfg = Debug|Any CPU
		{A9CCE41C-6657-42BF-AED4-F3F578033037}.Debug|Any CPU.Build.0 = Debug|Any CPU
		{A9CCE41C-6657-42BF-AED4-F3F578033037}.Release|Any CPU.ActiveCfg = Release|Any CPU
		{A9CCE41C-6657-42BF-AED4-F3F578033037}.Release|Any CPU.Build.0 = Release|Any CPU
		{04602BAE-5B1F-4EA2-92AB-726C4D7B8949}.Debug|Any CPU.ActiveCfg = Debug|Any CPU
		{04602BAE-5B1F-4EA2-92AB-726C4D7B8949}.Debug|Any CPU.Build.0 = Debug|Any CPU
		{04602BAE-5B1F-4EA2-92AB-726C4D7B8949}.Release|Any CPU.ActiveCfg = Release|Any CPU
		{04602BAE-5B1F-4EA2-92AB-726C4D7B8949}.Release|Any CPU.Build.0 = Release|Any CPU
		{5E6C06B7-180C-41B7-8136-3099FF6F9A31}.Debug|Any CPU.ActiveCfg = Debug|Any CPU
		{5E6C06B7-180C-41B7-8136-3099FF6F9A31}.Debug|Any CPU.Build.0 = Debug|Any CPU
		{5E6C06B7-180C-41B7-8136-3099FF6F9A31}.Release|Any CPU.ActiveCfg = Release|Any CPU
		{5E6C06B7-180C-41B7-8136-3099FF6F9A31}.Release|Any CPU.Build.0 = Release|Any CPU
		{B1B70414-A104-4640-846D-195150B22B9A}.Debug|Any CPU.ActiveCfg = Debug|Any CPU
		{B1B70414-A104-4640-846D-195150B22B9A}.Debug|Any CPU.Build.0 = Debug|Any CPU
		{B1B70414-A104-4640-846D-195150B22B9A}.Release|Any CPU.ActiveCfg = Release|Any CPU
		{B1B70414-A104-4640-846D-195150B22B9A}.Release|Any CPU.Build.0 = Release|Any CPU
		{01C7EFEE-93C1-4448-9CEF-2162BAF8CC08}.Debug|Any CPU.ActiveCfg = Debug|Any CPU
		{01C7EFEE-93C1-4448-9CEF-2162BAF8CC08}.Debug|Any CPU.Build.0 = Debug|Any CPU
		{01C7EFEE-93C1-4448-9CEF-2162BAF8CC08}.Release|Any CPU.ActiveCfg = Release|Any CPU
		{01C7EFEE-93C1-4448-9CEF-2162BAF8CC08}.Release|Any CPU.Build.0 = Release|Any CPU
	EndGlobalSection
	GlobalSection(SolutionProperties) = preSolution
		HideSolutionNode = FALSE
	EndGlobalSection
EndGlobal
